
Microsoft Visual Studio Solution File, Format Version 12.00
# Visual Studio Version 17
VisualStudioVersion = 17.4.33122.133
MinimumVisualStudioVersion = 10.0.40219.1
Project("{FAE04EC0-301F-11D3-BF4B-00C04F79EFBC}") = "Soroush_Sarram_WebServer2_FinalExam", "Soroush_Sarram_WebServer2_FinalExam\Soroush_Sarram_WebServer2_FinalExam.csproj", "{4E7DEEEF-AB65-4F68-AC32-D7D161B43CAF}"
EndProject
Global
	GlobalSection(SolutionConfigurationPlatforms) = preSolution
		Debug|Any CPU = Debug|Any CPU
		Release|Any CPU = Release|Any CPU
	EndGlobalSection
	GlobalSection(ProjectConfigurationPlatforms) = postSolution
		{4E7DEEEF-AB65-4F68-AC32-D7D161B43CAF}.Debug|Any CPU.ActiveCfg = Debug|Any CPU
		{4E7DEEEF-AB65-4F68-AC32-D7D161B43CAF}.Debug|Any CPU.Build.0 = Debug|Any CPU
		{4E7DEEEF-AB65-4F68-AC32-D7D161B43CAF}.Release|Any CPU.ActiveCfg = Release|Any CPU
		{4E7DEEEF-AB65-4F68-AC32-D7D161B43CAF}.Release|Any CPU.Build.0 = Release|Any CPU
	EndGlobalSection
	GlobalSection(SolutionProperties) = preSolution
		HideSolutionNode = FALSE
	EndGlobalSection
	GlobalSection(ExtensibilityGlobals) = postSolution
		SolutionGuid = {D99BB2FE-55A3-468D-9AC5-B8B8629EDB9E}
	EndGlobalSection
EndGlobal
